
Microsoft Visual Studio Solution File, Format Version 12.00
# Visual Studio Version 16
VisualStudioVersion = 16.0.30621.155
MinimumVisualStudioVersion = 10.0.40219.1
Project("{FAE04EC0-301F-11D3-BF4B-00C04F79EFBC}") = "eHandel", "eHandel\eHandel.csproj", "{7957C6CB-D7FD-462D-8E66-8F7CA8D29B77}"
EndProject
Global
	GlobalSection(SolutionConfigurationPlatforms) = preSolution
		Debug|Any CPU = Debug|Any CPU
		Release|Any CPU = Release|Any CPU
	EndGlobalSection
	GlobalSection(ProjectConfigurationPlatforms) = postSolution
		{7957C6CB-D7FD-462D-8E66-8F7CA8D29B77}.Debug|Any CPU.ActiveCfg = Debug|Any CPU
		{7957C6CB-D7FD-462D-8E66-8F7CA8D29B77}.Debug|Any CPU.Build.0 = Debug|Any CPU
		{7957C6CB-D7FD-462D-8E66-8F7CA8D29B77}.Release|Any CPU.ActiveCfg = Release|Any CPU
		{7957C6CB-D7FD-462D-8E66-8F7CA8D29B77}.Release|Any CPU.Build.0 = Release|Any CPU
	EndGlobalSection
	GlobalSection(SolutionProperties) = preSolution
		HideSolutionNode = FALSE
	EndGlobalSection
	GlobalSection(ExtensibilityGlobals) = postSolution
		SolutionGuid = {AB010D01-E072-468B-A732-F1F652B23EA2}
	EndGlobalSection
EndGlobal
